
Microsoft Visual Studio Solution File, Format Version 12.00
# Visual Studio Version 16
VisualStudioVersion = 16.0.29424.173
MinimumVisualStudioVersion = 10.0.40219.1
Project("{FAE04EC0-301F-11D3-BF4B-00C04F79EFBC}") = "Dex.Web", "Dex.Web\Dex.Web.csproj", "{A8402ACE-1228-49FB-A4C0-CD17B2004092}"
EndProject
Global
	GlobalSection(SolutionConfigurationPlatforms) = preSolution
		Debug|Any CPU = Debug|Any CPU
		Release|Any CPU = Release|Any CPU
	EndGlobalSection
	GlobalSection(ProjectConfigurationPlatforms) = postSolution
		{A8402ACE-1228-49FB-A4C0-CD17B2004092}.Debug|Any CPU.ActiveCfg = Debug|Any CPU
		{A8402ACE-1228-49FB-A4C0-CD17B2004092}.Debug|Any CPU.Build.0 = Debug|Any CPU
		{A8402ACE-1228-49FB-A4C0-CD17B2004092}.Release|Any CPU.ActiveCfg = Release|Any CPU
		{A8402ACE-1228-49FB-A4C0-CD17B2004092}.Release|Any CPU.Build.0 = Release|Any CPU
	EndGlobalSection
	GlobalSection(SolutionProperties) = preSolution
		HideSolutionNode = FALSE
	EndGlobalSection
	GlobalSection(ExtensibilityGlobals) = postSolution
		SolutionGuid = {03350D3C-6B1C-4A1C-BE75-B6B9A95E136B}
	EndGlobalSection
EndGlobal
